
Microsoft Visual Studio Solution File, Format Version 12.00
# Visual Studio Version 17
VisualStudioVersion = 17.4.33403.182
MinimumVisualStudioVersion = 10.0.40219.1
Project("{9A19103F-16F7-4668-BE54-9A1E7A4F7556}") = "the_village_of_testing_petter_darsbo", "the_village_of_testing_petter_darsbo\the_village_of_testing_petter_darsbo.csproj", "{7F5565C4-ABD5-4B83-94EB-97E99DDC07DD}"
EndProject
Project("{FAE04EC0-301F-11D3-BF4B-00C04F79EFBC}") = "the_village_of_testing_petter_darsbo.Tests", "the_village_of_testing_petter_darsbo.Tests\the_village_of_testing_petter_darsbo.Tests.csproj", "{901B5F91-34B7-420B-ABDE-D0C35DBC5C47}"
EndProject
Global
	GlobalSection(SolutionConfigurationPlatforms) = preSolution
		Debug|Any CPU = Debug|Any CPU
		Release|Any CPU = Release|Any CPU
	EndGlobalSection
	GlobalSection(ProjectConfigurationPlatforms) = postSolution
		{7F5565C4-ABD5-4B83-94EB-97E99DDC07DD}.Debug|Any CPU.ActiveCfg = Debug|Any CPU
		{7F5565C4-ABD5-4B83-94EB-97E99DDC07DD}.Debug|Any CPU.Build.0 = Debug|Any CPU
		{7F5565C4-ABD5-4B83-94EB-97E99DDC07DD}.Release|Any CPU.ActiveCfg = Release|Any CPU
		{7F5565C4-ABD5-4B83-94EB-97E99DDC07DD}.Release|Any CPU.Build.0 = Release|Any CPU
		{901B5F91-34B7-420B-ABDE-D0C35DBC5C47}.Debug|Any CPU.ActiveCfg = Debug|Any CPU
		{901B5F91-34B7-420B-ABDE-D0C35DBC5C47}.Debug|Any CPU.Build.0 = Debug|Any CPU
		{901B5F91-34B7-420B-ABDE-D0C35DBC5C47}.Release|Any CPU.ActiveCfg = Release|Any CPU
		{901B5F91-34B7-420B-ABDE-D0C35DBC5C47}.Release|Any CPU.Build.0 = Release|Any CPU
	EndGlobalSection
	GlobalSection(SolutionProperties) = preSolution
		HideSolutionNode = FALSE
	EndGlobalSection
	GlobalSection(ExtensibilityGlobals) = postSolution
		SolutionGuid = {3C2CA463-A10E-4DA7-AF16-7E92B90BB915}
	EndGlobalSection
EndGlobal
